{
  "object": {
    "pins": [
      {
        "package": "Promises",
        "repositoryURL": "https://github.com/google/promises.git",
        "state": {
          "branch": null,
          "revision": "6b6f4fe3385ed37389fb231bc40be81de2f1230f",
          "version": "1.2.8"
        }
      },
      {
        "package": "Swifter",
        "repositoryURL": "https://github.com/httpswift/swifter.git",
        "state": {
          "branch": null,
          "revision": "8b5afb48ae64d4f729f0489ddcfe09c62b9c3687",
          "version": "1.4.7"
        }
      },
      {
        "package": "ZIPFoundation",
        "repositoryURL": "https://github.com/weichsel/ZIPFoundation.git",
        "state": {
          "branch": null,
          "revision": "edbeaa39b426e54702194b0a601342322f01e400",
          "version": "0.9.9"
        }
      }
    ]
  },
  "version": 1
}
